// !$*UTF8*$!
{
	archiveVersion = 1;
	classes = {
	};
	objectVersion = 56;
	objects = {

/* Begin PBXBuildFile section */
		472337372E398082003F4128 /* ImagePicker.swift in Sources */ = {isa = PBXBuildFile; fileRef = 472337362E398081003F4128 /* ImagePicker.swift */; };
		472337392E3980A2003F4128 /* ViewModel.swift in Sources */ = {isa = PBXBuildFile; fileRef = 472337382E3980A2003F4128 /* ViewModel.swift */; };
		47834B982E38521D00037F09 /* NutriScanAIApp.swift in Sources */ = {isa = PBXBuildFile; fileRef = 47834B972E38521D00037F09 /* NutriScanAIApp.swift */; };
		47834B9A2E38521D00037F09 /* ContentView.swift in Sources */ = {isa = PBXBuildFile; fileRef = 47834B992E38521D00037F09 /* ContentView.swift */; };
		47834B9C2E38521F00037F09 /* Assets.xcassets in Resources */ = {isa = PBXBuildFile; fileRef = 47834B9B2E38521F00037F09 /* Assets.xcassets */; };
		47834B9F2E38521F00037F09 /* Preview Assets.xcassets in Resources */ = {isa = PBXBuildFile; fileRef = 47834B9E2E38521F00037F09 /* Preview Assets.xcassets */; };
		47834BA62E38524600037F09 /* HomeView.swift in Sources */ = {isa = PBXBuildFile; fileRef = 47834BA52E38524600037F09 /* HomeView.swift */; };
		47834BA82E38526200037F09 /* AddView.swift in Sources */ = {isa = PBXBuildFile; fileRef = 47834BA72E38526200037F09 /* AddView.swift */; };
		47834BAA2E38527700037F09 /* CalendarView.swift in Sources */ = {isa = PBXBuildFile; fileRef = 47834BA92E38527700037F09 /* CalendarView.swift */; };
		47834BAC2E38529B00037F09 /* ChangeCaloriaView.swift in Sources */ = {isa = PBXBuildFile; fileRef = 47834BAB2E38529B00037F09 /* ChangeCaloriaView.swift */; };
		47834BAE2E3852B500037F09 /* ModelAlimento.swift in Sources */ = {isa = PBXBuildFile; fileRef = 47834BAD2E3852B500037F09 /* ModelAlimento.swift */; };
		47834BB02E3852CB00037F09 /* ViewModelAlimentos.swift in Sources */ = {isa = PBXBuildFile; fileRef = 47834BAF2E3852CB00037F09 /* ViewModelAlimentos.swift */; };
		47834BB22E3852DD00037F09 /* API.swift in Sources */ = {isa = PBXBuildFile; fileRef = 47834BB12E3852DD00037F09 /* API.swift */; };
		47834BB42E38530400037F09 /* ChatDialogView.swift in Sources */ = {isa = PBXBuildFile; fileRef = 47834BB32E38530300037F09 /* ChatDialogView.swift */; };
		47834BB62E38531C00037F09 /* ChatView.swift in Sources */ = {isa = PBXBuildFile; fileRef = 47834BB52E38531C00037F09 /* ChatView.swift */; };
		47834BB82E38534C00037F09 /* InfoAlimentos.swift in Sources */ = {isa = PBXBuildFile; fileRef = 47834BB72E38534C00037F09 /* InfoAlimentos.swift */; };
		47834BBA2E38536300037F09 /* MaisInfo.swift in Sources */ = {isa = PBXBuildFile; fileRef = 47834BB92E38536300037F09 /* MaisInfo.swift */; };
		47834BBD2E38538900037F09 /* GoogleGenerativeAI in Frameworks */ = {isa = PBXBuildFile; productRef = 47834BBC2E38538900037F09 /* GoogleGenerativeAI */; };
		47834BBF2E3853B700037F09 /* GenerativeAI-Info.plist in Resources */ = {isa = PBXBuildFile; fileRef = 47834BBE2E3853B700037F09 /* GenerativeAI-Info.plist */; };
/* End PBXBuildFile section */

/* Begin PBXFileReference section */
		472337362E398081003F4128 /* ImagePicker.swift */ = {isa = PBXFileReference; lastKnownFileType = sourcecode.swift; path = ImagePicker.swift; sourceTree = "<group>"; };
		472337382E3980A2003F4128 /* ViewModel.swift */ = {isa = PBXFileReference; lastKnownFileType = sourcecode.swift; path = ViewModel.swift; sourceTree = "<group>"; };
		47834B942E38521D00037F09 /* NutriScanAI.app */ = {isa = PBXFileReference; explicitFileType = wrapper.application; includeInIndex = 0; path = NutriScanAI.app; sourceTree = BUILT_PRODUCTS_DIR; };
		47834B972E38521D00037F09 /* NutriScanAIApp.swift */ = {isa = PBXFileReference; lastKnownFileType = sourcecode.swift; path = NutriScanAIApp.swift; sourceTree = "<group>"; };
		47834B992E38521D00037F09 /* ContentView.swift */ = {isa = PBXFileReference; lastKnownFileType = sourcecode.swift; path = ContentView.swift; sourceTree = "<group>"; };
		47834B9B2E38521F00037F09 /* Assets.xcassets */ = {isa = PBXFileReference; lastKnownFileType = folder.assetcatalog; path = Assets.xcassets; sourceTree = "<group>"; };
		47834B9E2E38521F00037F09 /* Preview Assets.xcassets */ = {isa = PBXFileReference; lastKnownFileType = folder.assetcatalog; path = "Preview Assets.xcassets"; sourceTree = "<group>"; };
		47834BA52E38524600037F09 /* HomeView.swift */ = {isa = PBXFileReference; lastKnownFileType = sourcecode.swift; path = HomeView.swift; sourceTree = "<group>"; };
		47834BA72E38526200037F09 /* AddView.swift */ = {isa = PBXFileReference; lastKnownFileType = sourcecode.swift; path = AddView.swift; sourceTree = "<group>"; };
		47834BA92E38527700037F09 /* CalendarView.swift */ = {isa = PBXFileReference; lastKnownFileType = sourcecode.swift; path = CalendarView.swift; sourceTree = "<group>"; };
		47834BAB2E38529B00037F09 /* ChangeCaloriaView.swift */ = {isa = PBXFileReference; lastKnownFileType = sourcecode.swift; path = ChangeCaloriaView.swift; sourceTree = "<group>"; };
		47834BAD2E3852B500037F09 /* ModelAlimento.swift */ = {isa = PBXFileReference; lastKnownFileType = sourcecode.swift; path = ModelAlimento.swift; sourceTree = "<group>"; };
		47834BAF2E3852CB00037F09 /* ViewModelAlimentos.swift */ = {isa = PBXFileReference; lastKnownFileType = sourcecode.swift; path = ViewModelAlimentos.swift; sourceTree = "<group>"; };
		47834BB12E3852DD00037F09 /* API.swift */ = {isa = PBXFileReference; lastKnownFileType = sourcecode.swift; path = API.swift; sourceTree = "<group>"; };
		47834BB32E38530300037F09 /* ChatDialogView.swift */ = {isa = PBXFileReference; lastKnownFileType = sourcecode.swift; path = ChatDialogView.swift; sourceTree = "<group>"; };
		47834BB52E38531C00037F09 /* ChatView.swift */ = {isa = PBXFileReference; lastKnownFileType = sourcecode.swift; path = ChatView.swift; sourceTree = "<group>"; };
		47834BB72E38534C00037F09 /* InfoAlimentos.swift */ = {isa = PBXFileReference; lastKnownFileType = sourcecode.swift; path = InfoAlimentos.swift; sourceTree = "<group>"; };
		47834BB92E38536300037F09 /* MaisInfo.swift */ = {isa = PBXFileReference; lastKnownFileType = sourcecode.swift; path = MaisInfo.swift; sourceTree = "<group>"; };
		47834BBE2E3853B700037F09 /* GenerativeAI-Info.plist */ = {isa = PBXFileReference; lastKnownFileType = text.plist.xml; path = "GenerativeAI-Info.plist"; sourceTree = "<group>"; };
/* End PBXFileReference section */

/* Begin PBXFrameworksBuildPhase section */
		47834B912E38521D00037F09 /* Frameworks */ = {
			isa = PBXFrameworksBuildPhase;
			buildActionMask = 2147483647;
			files = (
				47834BBD2E38538900037F09 /* GoogleGenerativeAI in Frameworks */,
			);
			runOnlyForDeploymentPostprocessing = 0;
		};
/* End PBXFrameworksBuildPhase section */

/* Begin PBXGroup section */
		47834B8B2E38521D00037F09 = {
			isa = PBXGroup;
			children = (
				47834B962E38521D00037F09 /* NutriScanAI */,
				47834B952E38521D00037F09 /* Products */,
			);
			sourceTree = "<group>";
		};
		47834B952E38521D00037F09 /* Products */ = {
			isa = PBXGroup;
			children = (
				47834B942E38521D00037F09 /* NutriScanAI.app */,
			);
			name = Products;
			sourceTree = "<group>";
		};
		47834B962E38521D00037F09 /* NutriScanAI */ = {
			isa = PBXGroup;
			children = (
				47834BBE2E3853B700037F09 /* GenerativeAI-Info.plist */,
				47834BB92E38536300037F09 /* MaisInfo.swift */,
				47834BB72E38534C00037F09 /* InfoAlimentos.swift */,
				47834BB52E38531C00037F09 /* ChatView.swift */,
				47834BB32E38530300037F09 /* ChatDialogView.swift */,
				47834BB12E3852DD00037F09 /* API.swift */,
				47834BAF2E3852CB00037F09 /* ViewModelAlimentos.swift */,
				47834BAD2E3852B500037F09 /* ModelAlimento.swift */,
				47834BAB2E38529B00037F09 /* ChangeCaloriaView.swift */,
				47834BA92E38527700037F09 /* CalendarView.swift */,
				47834BA72E38526200037F09 /* AddView.swift */,
				47834B972E38521D00037F09 /* NutriScanAIApp.swift */,
				47834B992E38521D00037F09 /* ContentView.swift */,
				47834BA52E38524600037F09 /* HomeView.swift */,
				472337362E398081003F4128 /* ImagePicker.swift */,
				472337382E3980A2003F4128 /* ViewModel.swift */,
				47834B9B2E38521F00037F09 /* Assets.xcassets */,
				47834B9D2E38521F00037F09 /* Preview Content */,
			);
			path = NutriScanAI;
			sourceTree = "<group>";
		};
		47834B9D2E38521F00037F09 /* Preview Content */ = {
			isa = PBXGroup;
			children = (
				47834B9E2E38521F00037F09 /* Preview Assets.xcassets */,
			);
			path = "Preview Content";
			sourceTree = "<group>";
		};
/* End PBXGroup section */

/* Begin PBXNativeTarget section */
		47834B932E38521D00037F09 /* NutriScanAI */ = {
			isa = PBXNativeTarget;
			buildConfigurationList = 47834BA22E38521F00037F09 /* Build configuration list for PBXNativeTarget "NutriScanAI" */;
			buildPhases = (
				47834B902E38521D00037F09 /* Sources */,
				47834B912E38521D00037F09 /* Frameworks */,
				47834B922E38521D00037F09 /* Resources */,
			);
			buildRules = (
			);
			dependencies = (
			);
			name = NutriScanAI;
			packageProductDependencies = (
				47834BBC2E38538900037F09 /* GoogleGenerativeAI */,
			);
			productName = NutriScanAI;
			productReference = 47834B942E38521D00037F09 /* NutriScanAI.app */;
			productType = "com.apple.product-type.application";
		};
/* End PBXNativeTarget section */

/* Begin PBXProject section */
		47834B8C2E38521D00037F09 /* Project object */ = {
			isa = PBXProject;
			attributes = {
				BuildIndependentTargetsInParallel = 1;
				LastSwiftUpdateCheck = 1540;
				LastUpgradeCheck = 1540;
				TargetAttributes = {
					47834B932E38521D00037F09 = {
						CreatedOnToolsVersion = 15.4;
					};
				};
			};
			buildConfigurationList = 47834B8F2E38521D00037F09 /* Build configuration list for PBXProject "NutriScanAI" */;
			compatibilityVersion = "Xcode 14.0";
			developmentRegion = en;
			hasScannedForEncodings = 0;
			knownRegions = (
				en,
				Base,
			);
			mainGroup = 47834B8B2E38521D00037F09;
			packageReferences = (
				47834BBB2E38538900037F09 /* XCRemoteSwiftPackageReference "generative-ai-swift" */,
			);
			productRefGroup = 47834B952E38521D00037F09 /* Products */;
			projectDirPath = "";
			projectRoot = "";
			targets = (
				47834B932E38521D00037F09 /* NutriScanAI */,
			);
		};
/* End PBXProject section */

/* Begin PBXResourcesBuildPhase section */
		47834B922E38521D00037F09 /* Resources */ = {
			isa = PBXResourcesBuildPhase;
			buildActionMask = 2147483647;
			files = (
				47834B9F2E38521F00037F09 /* Preview Assets.xcassets in Resources */,
				47834B9C2E38521F00037F09 /* Assets.xcassets in Resources */,
				47834BBF2E3853B700037F09 /* GenerativeAI-Info.plist in Resources */,
			);
			runOnlyForDeploymentPostprocessing = 0;
		};
/* End PBXResourcesBuildPhase section */

/* Begin PBXSourcesBuildPhase section */
		47834B902E38521D00037F09 /* Sources */ = {
			isa = PBXSourcesBuildPhase;
			buildActionMask = 2147483647;
			files = (
				47834BAA2E38527700037F09 /* CalendarView.swift in Sources */,
				47834BA82E38526200037F09 /* AddView.swift in Sources */,
				47834BB82E38534C00037F09 /* InfoAlimentos.swift in Sources */,
				472337372E398082003F4128 /* ImagePicker.swift in Sources */,
				47834BB42E38530400037F09 /* ChatDialogView.swift in Sources */,
				47834BAC2E38529B00037F09 /* ChangeCaloriaView.swift in Sources */,
				47834BB62E38531C00037F09 /* ChatView.swift in Sources */,
				47834BB02E3852CB00037F09 /* ViewModelAlimentos.swift in Sources */,
				47834BA62E38524600037F09 /* HomeView.swift in Sources */,
				47834BBA2E38536300037F09 /* MaisInfo.swift in Sources */,
				472337392E3980A2003F4128 /* ViewModel.swift in Sources */,
				47834BAE2E3852B500037F09 /* ModelAlimento.swift in Sources */,
				47834B9A2E38521D00037F09 /* ContentView.swift in Sources */,
				47834BB22E3852DD00037F09 /* API.swift in Sources */,
				47834B982E38521D00037F09 /* NutriScanAIApp.swift in Sources */,
			);
			runOnlyForDeploymentPostprocessing = 0;
		};
/* End PBXSourcesBuildPhase section */

/* Begin XCBuildConfiguration section */
		47834BA02E38521F00037F09 /* Debug */ = {
			isa = XCBuildConfiguration;
			buildSettings = {
				ALWAYS_SEARCH_USER_PATHS = NO;
				ASSETCATALOG_COMPILER_GENERATE_SWIFT_ASSET_SYMBOL_EXTENSIONS = YES;
				CLANG_ANALYZER_NONNULL = YES;
				CLANG_ANALYZER_NUMBER_OBJECT_CONVERSION = YES_AGGRESSIVE;
				CLANG_CXX_LANGUAGE_STANDARD = "gnu++20";
				CLANG_ENABLE_MODULES = YES;
				CLANG_ENABLE_OBJC_ARC = YES;
				CLANG_ENABLE_OBJC_WEAK = YES;
				CLANG_WARN_BLOCK_CAPTURE_AUTORELEASING = YES;
				CLANG_WARN_BOOL_CONVERSION = YES;
				CLANG_WARN_COMMA = YES;
				CLANG_WARN_CONSTANT_CONVERSION = YES;
				CLANG_WARN_DEPRECATED_OBJC_IMPLEMENTATIONS = YES;
				CLANG_WARN_DIRECT_OBJC_ISA_USAGE = YES_ERROR;
				CLANG_WARN_DOCUMENTATION_COMMENTS = YES;
				CLANG_WARN_EMPTY_BODY = YES;
				CLANG_WARN_ENUM_CONVERSION = YES;
				CLANG_WARN_INFINITE_RECURSION = YES;
				CLANG_WARN_INT_CONVERSION = YES;
				CLANG_WARN_NON_LITERAL_NULL_CONVERSION = YES;
				CLANG_WARN_OBJC_IMPLICIT_RETAIN_SELF = YES;
				CLANG_WARN_OBJC_LITERAL_CONVERSION = YES;
				CLANG_WARN_OBJC_ROOT_CLASS = YES_ERROR;
				CLANG_WARN_QUOTED_INCLUDE_IN_FRAMEWORK_HEADER = YES;
				CLANG_WARN_RANGE_LOOP_ANALYSIS = YES;
				CLANG_WARN_STRICT_PROTOTYPES = YES;
				CLANG_WARN_SUSPICIOUS_MOVE = YES;
				CLANG_WARN_UNGUARDED_AVAILABILITY = YES_AGGRESSIVE;
				CLANG_WARN_UNREACHABLE_CODE = YES;
				CLANG_WARN__DUPLICATE_METHOD_MATCH = YES;
				COPY_PHASE_STRIP = NO;
				DEBUG_INFORMATION_FORMAT = dwarf;
				ENABLE_STRICT_OBJC_MSGSEND = YES;
				ENABLE_TESTABILITY = YES;
				ENABLE_USER_SCRIPT_SANDBOXING = YES;
				GCC_C_LANGUAGE_STANDARD = gnu17;
				GCC_DYNAMIC_NO_PIC = NO;
				GCC_NO_COMMON_BLOCKS = YES;
				GCC_OPTIMIZATION_LEVEL = 0;
				GCC_PREPROCESSOR_DEFINITIONS = (
					"DEBUG=1",
					"$(inherited)",
				);
				GCC_WARN_64_TO_32_BIT_CONVERSION = YES;
				GCC_WARN_ABOUT_RETURN_TYPE = YES_ERROR;
				GCC_WARN_UNDECLARED_SELECTOR = YES;
				GCC_WARN_UNINITIALIZED_AUTOS = YES_AGGRESSIVE;
				GCC_WARN_UNUSED_FUNCTION = YES;
				GCC_WARN_UNUSED_VARIABLE = YES;
				IPHONEOS_DEPLOYMENT_TARGET = 17.5;
				LOCALIZATION_PREFERS_STRING_CATALOGS = YES;
				MTL_ENABLE_DEBUG_INFO = INCLUDE_SOURCE;
				MTL_FAST_MATH = YES;
				ONLY_ACTIVE_ARCH = YES;
				SDKROOT = iphoneos;
				SWIFT_ACTIVE_COMPILATION_CONDITIONS = "DEBUG $(inherited)";
				SWIFT_OPTIMIZATION_LEVEL = "-Onone";
			};
			name = Debug;
		};
		47834BA12E38521F00037F09 /* Release */ = {
			isa = XCBuildConfiguration;
			buildSettings = {
				ALWAYS_SEARCH_USER_PATHS = NO;
				ASSETCATALOG_COMPILER_GENERATE_SWIFT_ASSET_SYMBOL_EXTENSIONS = YES;
				CLANG_ANALYZER_NONNULL = YES;
				CLANG_ANALYZER_NUMBER_OBJECT_CONVERSION = YES_AGGRESSIVE;
				CLANG_CXX_LANGUAGE_STANDARD = "gnu++20";
				CLANG_ENABLE_MODULES = YES;
				CLANG_ENABLE_OBJC_ARC = YES;
				CLANG_ENABLE_OBJC_WEAK = YES;
				CLANG_WARN_BLOCK_CAPTURE_AUTORELEASING = YES;
				CLANG_WARN_BOOL_CONVERSION = YES;
				CLANG_WARN_COMMA = YES;
				CLANG_WARN_CONSTANT_CONVERSION = YES;
				CLANG_WARN_DEPRECATED_OBJC_IMPLEMENTATIONS = YES;
				CLANG_WARN_DIRECT_OBJC_ISA_USAGE = YES_ERROR;
				CLANG_WARN_DOCUMENTATION_COMMENTS = YES;
				CLANG_WARN_EMPTY_BODY = YES;
				CLANG_WARN_ENUM_CONVERSION = YES;
				CLANG_WARN_INFINITE_RECURSION = YES;
				CLANG_WARN_INT_CONVERSION = YES;
				CLANG_WARN_NON_LITERAL_NULL_CONVERSION = YES;
				CLANG_WARN_OBJC_IMPLICIT_RETAIN_SELF = YES;
				CLANG_WARN_OBJC_LITERAL_CONVERSION = YES;
				CLANG_WARN_OBJC_ROOT_CLASS = YES_ERROR;
				CLANG_WARN_QUOTED_INCLUDE_IN_FRAMEWORK_HEADER = YES;
				CLANG_WARN_RANGE_LOOP_ANALYSIS = YES;
				CLANG_WARN_STRICT_PROTOTYPES = YES;
				CLANG_WARN_SUSPICIOUS_MOVE = YES;
				CLANG_WARN_UNGUARDED_AVAILABILITY = YES_AGGRESSIVE;
				CLANG_WARN_UNREACHABLE_CODE = YES;
				CLANG_WARN__DUPLICATE_METHOD_MATCH = YES;
				COPY_PHASE_STRIP = NO;
				DEBUG_INFORMATION_FORMAT = "dwarf-with-dsym";
				ENABLE_NS_ASSERTIONS = NO;
				ENABLE_STRICT_OBJC_MSGSEND = YES;
				ENABLE_USER_SCRIPT_SANDBOXING = YES;
				GCC_C_LANGUAGE_STANDARD = gnu17;
				GCC_NO_COMMON_BLOCKS = YES;
				GCC_WARN_64_TO_32_BIT_CONVERSION = YES;
				GCC_WARN_ABOUT_RETURN_TYPE = YES_ERROR;
				GCC_WARN_UNDECLARED_SELECTOR = YES;
				GCC_WARN_UNINITIALIZED_AUTOS = YES_AGGRESSIVE;
				GCC_WARN_UNUSED_FUNCTION = YES;
				GCC_WARN_UNUSED_VARIABLE = YES;
				IPHONEOS_DEPLOYMENT_TARGET = 17.5;
				LOCALIZATION_PREFERS_STRING_CATALOGS = YES;
				MTL_ENABLE_DEBUG_INFO = NO;
				MTL_FAST_MATH = YES;
				SDKROOT = iphoneos;
				SWIFT_COMPILATION_MODE = wholemodule;
				VALIDATE_PRODUCT = YES;
			};
			name = Release;
		};
		47834BA32E38521F00037F09 /* Debug */ = {
			isa = XCBuildConfiguration;
			buildSettings = {
				ASSETCATALOG_COMPILER_APPICON_NAME = AppIcon;
				ASSETCATALOG_COMPILER_GLOBAL_ACCENT_COLOR_NAME = AccentColor;
				CODE_SIGN_STYLE = Automatic;
				CURRENT_PROJECT_VERSION = 1;
				DEVELOPMENT_ASSET_PATHS = "\"NutriScanAI/Preview Content\"";
				DEVELOPMENT_TEAM = GR55CB8YZW;
				ENABLE_PREVIEWS = YES;
				GENERATE_INFOPLIST_FILE = YES;
				INFOPLIST_KEY_NSCameraUsageDescription = "";
				INFOPLIST_KEY_UIApplicationSceneManifest_Generation = YES;
				INFOPLIST_KEY_UIApplicationSupportsIndirectInputEvents = YES;
				INFOPLIST_KEY_UILaunchScreen_Generation = YES;
				INFOPLIST_KEY_UISupportedInterfaceOrientations_iPad = "UIInterfaceOrientationPortrait UIInterfaceOrientationPortraitUpsideDown UIInterfaceOrientationLandscapeLeft UIInterfaceOrientationLandscapeRight";
				INFOPLIST_KEY_UISupportedInterfaceOrientations_iPhone = "UIInterfaceOrientationPortrait UIInterfaceOrientationLandscapeLeft UIInterfaceOrientationLandscapeRight";
				LD_RUNPATH_SEARCH_PATHS = (
					"$(inherited)",
					"@executable_path/Frameworks",
				);
				MARKETING_VERSION = 1.0;
				PRODUCT_BUNDLE_IDENTIFIER = rauljacomelli.NutriScanAI;
				PRODUCT_NAME = "$(TARGET_NAME)";
				SWIFT_EMIT_LOC_STRINGS = YES;
				SWIFT_VERSION = 5.0;
				TARGETED_DEVICE_FAMILY = "1,2";
			};
			name = Debug;
		};
		47834BA42E38521F00037F09 /* Release */ = {
			isa = XCBuildConfiguration;
			buildSettings = {
				ASSETCATALOG_COMPILER_APPICON_NAME = AppIcon;
				ASSETCATALOG_COMPILER_GLOBAL_ACCENT_COLOR_NAME = AccentColor;
				CODE_SIGN_STYLE = Automatic;
				CURRENT_PROJECT_VERSION = 1;
				DEVELOPMENT_ASSET_PATHS = "\"NutriScanAI/Preview Content\"";
				DEVELOPMENT_TEAM = GR55CB8YZW;
				ENABLE_PREVIEWS = YES;
				GENERATE_INFOPLIST_FILE = YES;
				INFOPLIST_KEY_NSCameraUsageDescription = "";
				INFOPLIST_KEY_UIApplicationSceneManifest_Generation = YES;
				INFOPLIST_KEY_UIApplicationSupportsIndirectInputEvents = YES;
				INFOPLIST_KEY_UILaunchScreen_Generation = YES;
				INFOPLIST_KEY_UISupportedInterfaceOrientations_iPad = "UIInterfaceOrientationPortrait UIInterfaceOrientationPortraitUpsideDown UIInterfaceOrientationLandscapeLeft UIInterfaceOrientationLandscapeRight";
				INFOPLIST_KEY_UISupportedInterfaceOrientations_iPhone = "UIInterfaceOrientationPortrait UIInterfaceOrientationLandscapeLeft UIInterfaceOrientationLandscapeRight";
				LD_RUNPATH_SEARCH_PATHS = (
					"$(inherited)",
					"@executable_path/Frameworks",
				);
				MARKETING_VERSION = 1.0;
				PRODUCT_BUNDLE_IDENTIFIER = rauljacomelli.NutriScanAI;
				PRODUCT_NAME = "$(TARGET_NAME)";
				SWIFT_EMIT_LOC_STRINGS = YES;
				SWIFT_VERSION = 5.0;
				TARGETED_DEVICE_FAMILY = "1,2";
			};
			name = Release;
		};
/* End XCBuildConfiguration section */

/* Begin XCConfigurationList section */
		47834B8F2E38521D00037F09 /* Build configuration list for PBXProject "NutriScanAI" */ = {
			isa = XCConfigurationList;
			buildConfigurations = (
				47834BA02E38521F00037F09 /* Debug */,
				47834BA12E38521F00037F09 /* Release */,
			);
			defaultConfigurationIsVisible = 0;
			defaultConfigurationName = Release;
		};
		47834BA22E38521F00037F09 /* Build configuration list for PBXNativeTarget "NutriScanAI" */ = {
			isa = XCConfigurationList;
			buildConfigurations = (
				47834BA32E38521F00037F09 /* Debug */,
				47834BA42E38521F00037F09 /* Release */,
			);
			defaultConfigurationIsVisible = 0;
			defaultConfigurationName = Release;
		};
/* End XCConfigurationList section */

/* Begin XCRemoteSwiftPackageReference section */
		47834BBB2E38538900037F09 /* XCRemoteSwiftPackageReference "generative-ai-swift" */ = {
			isa = XCRemoteSwiftPackageReference;
			repositoryURL = "https://github.com/google/generative-ai-swift";
			requirement = {
				kind = upToNextMajorVersion;
				minimumVersion = 0.5.6;
			};
		};
/* End XCRemoteSwiftPackageReference section */

/* Begin XCSwiftPackageProductDependency section */
		47834BBC2E38538900037F09 /* GoogleGenerativeAI */ = {
			isa = XCSwiftPackageProductDependency;
			package = 47834BBB2E38538900037F09 /* XCRemoteSwiftPackageReference "generative-ai-swift" */;
			productName = GoogleGenerativeAI;
		};
/* End XCSwiftPackageProductDependency section */
	};
	rootObject = 47834B8C2E38521D00037F09 /* Project object */;
}
